
Microsoft Visual Studio Solution File, Format Version 12.00
# Visual Studio Version 17
VisualStudioVersion = 17.5.002.0
MinimumVisualStudioVersion = 10.0.40219.1
Project("{9A19103F-16F7-4668-BE54-9A1E7A4F7556}") = "AoC1521", "AoC1521.csproj", "{83EB5F76-5F43-434C-8CA3-D77C9EC7CE33}"
EndProject
Global
	GlobalSection(SolutionConfigurationPlatforms) = preSolution
		Debug|Any CPU = Debug|Any CPU
		Release|Any CPU = Release|Any CPU
	EndGlobalSection
	GlobalSection(ProjectConfigurationPlatforms) = postSolution
		{83EB5F76-5F43-434C-8CA3-D77C9EC7CE33}.Debug|Any CPU.ActiveCfg = Debug|Any CPU
		{83EB5F76-5F43-434C-8CA3-D77C9EC7CE33}.Debug|Any CPU.Build.0 = Debug|Any CPU
		{83EB5F76-5F43-434C-8CA3-D77C9EC7CE33}.Release|Any CPU.ActiveCfg = Release|Any CPU
		{83EB5F76-5F43-434C-8CA3-D77C9EC7CE33}.Release|Any CPU.Build.0 = Release|Any CPU
	EndGlobalSection
	GlobalSection(SolutionProperties) = preSolution
		HideSolutionNode = FALSE
	EndGlobalSection
	GlobalSection(ExtensibilityGlobals) = postSolution
		SolutionGuid = {479A352D-1B02-458C-A5AE-56546ACA8E50}
	EndGlobalSection
EndGlobal
