
Microsoft Visual Studio Solution File, Format Version 12.00
# Visual Studio Version 16
VisualStudioVersion = 25.0.1703.2
MinimumVisualStudioVersion = 10.0.40219.1
Project("{FAE04EC0-301F-11D3-BF4B-00C04F79EFBC}") = "AoC1501", "AoC15\AoC1501.csproj", "{EF8E50E3-40D7-4A19-B011-C20A6CE7BF45}"
EndProject
Global
	GlobalSection(SolutionConfigurationPlatforms) = preSolution
		Debug|Any CPU = Debug|Any CPU
		Release|Any CPU = Release|Any CPU
	EndGlobalSection
	GlobalSection(ProjectConfigurationPlatforms) = postSolution
		{EF8E50E3-40D7-4A19-B011-C20A6CE7BF45}.Debug|Any CPU.ActiveCfg = Debug|Any CPU
		{EF8E50E3-40D7-4A19-B011-C20A6CE7BF45}.Debug|Any CPU.Build.0 = Debug|Any CPU
		{EF8E50E3-40D7-4A19-B011-C20A6CE7BF45}.Release|Any CPU.ActiveCfg = Release|Any CPU
		{EF8E50E3-40D7-4A19-B011-C20A6CE7BF45}.Release|Any CPU.Build.0 = Release|Any CPU
	EndGlobalSection
	GlobalSection(SolutionProperties) = preSolution
		HideSolutionNode = FALSE
	EndGlobalSection
	GlobalSection(ExtensibilityGlobals) = postSolution
		SolutionGuid = {31628794-E3AB-40BB-9AA8-6E725844CC8E}
	EndGlobalSection
EndGlobal
