
Microsoft Visual Studio Solution File, Format Version 12.00
# Visual Studio Version 16
VisualStudioVersion = 25.0.1703.2
MinimumVisualStudioVersion = 10.0.40219.1
Project("{FAE04EC0-301F-11D3-BF4B-00C04F79EFBC}") = "AoC1501", "AoC1501\AoC1501.csproj", "{EF8E50E3-40D7-4A19-B011-C20A6CE7BF45}"
EndProject
Project("{FAE04EC0-301F-11D3-BF4B-00C04F79EFBC}") = "AoC1502", "AoC1502\AoC1502.csproj", "{3F2C3D9F-3A3E-4156-9D03-57033EA5A7DE}"
EndProject
Project("{FAE04EC0-301F-11D3-BF4B-00C04F79EFBC}") = "AoC1503", "AoC1503\AoC1503.csproj", "{463DACEF-A72E-4470-8F37-10CD1B74BD45}"
EndProject
Project("{FAE04EC0-301F-11D3-BF4B-00C04F79EFBC}") = "AoC1504", "AoC1504\AoC1504.csproj", "{1862FE4F-8790-4EAD-A684-CA698A5DF881}"
EndProject
Project("{FAE04EC0-301F-11D3-BF4B-00C04F79EFBC}") = "AoC1505", "AoC1505\AoC1505.csproj", "{2FFEA908-FD3A-4E87-9EA8-5A4B0083EB06}"
EndProject
Global
	GlobalSection(SolutionConfigurationPlatforms) = preSolution
		Debug|Any CPU = Debug|Any CPU
		Release|Any CPU = Release|Any CPU
	EndGlobalSection
	GlobalSection(ProjectConfigurationPlatforms) = postSolution
		{EF8E50E3-40D7-4A19-B011-C20A6CE7BF45}.Debug|Any CPU.ActiveCfg = Debug|Any CPU
		{EF8E50E3-40D7-4A19-B011-C20A6CE7BF45}.Debug|Any CPU.Build.0 = Debug|Any CPU
		{EF8E50E3-40D7-4A19-B011-C20A6CE7BF45}.Release|Any CPU.ActiveCfg = Release|Any CPU
		{EF8E50E3-40D7-4A19-B011-C20A6CE7BF45}.Release|Any CPU.Build.0 = Release|Any CPU
		{3F2C3D9F-3A3E-4156-9D03-57033EA5A7DE}.Debug|Any CPU.ActiveCfg = Debug|Any CPU
		{3F2C3D9F-3A3E-4156-9D03-57033EA5A7DE}.Debug|Any CPU.Build.0 = Debug|Any CPU
		{3F2C3D9F-3A3E-4156-9D03-57033EA5A7DE}.Release|Any CPU.ActiveCfg = Release|Any CPU
		{3F2C3D9F-3A3E-4156-9D03-57033EA5A7DE}.Release|Any CPU.Build.0 = Release|Any CPU
		{463DACEF-A72E-4470-8F37-10CD1B74BD45}.Debug|Any CPU.ActiveCfg = Debug|Any CPU
		{463DACEF-A72E-4470-8F37-10CD1B74BD45}.Debug|Any CPU.Build.0 = Debug|Any CPU
		{463DACEF-A72E-4470-8F37-10CD1B74BD45}.Release|Any CPU.ActiveCfg = Release|Any CPU
		{463DACEF-A72E-4470-8F37-10CD1B74BD45}.Release|Any CPU.Build.0 = Release|Any CPU
		{1862FE4F-8790-4EAD-A684-CA698A5DF881}.Debug|Any CPU.ActiveCfg = Debug|Any CPU
		{1862FE4F-8790-4EAD-A684-CA698A5DF881}.Debug|Any CPU.Build.0 = Debug|Any CPU
		{1862FE4F-8790-4EAD-A684-CA698A5DF881}.Release|Any CPU.ActiveCfg = Release|Any CPU
		{1862FE4F-8790-4EAD-A684-CA698A5DF881}.Release|Any CPU.Build.0 = Release|Any CPU
		{2FFEA908-FD3A-4E87-9EA8-5A4B0083EB06}.Debug|Any CPU.ActiveCfg = Debug|Any CPU
		{2FFEA908-FD3A-4E87-9EA8-5A4B0083EB06}.Debug|Any CPU.Build.0 = Debug|Any CPU
		{2FFEA908-FD3A-4E87-9EA8-5A4B0083EB06}.Release|Any CPU.ActiveCfg = Release|Any CPU
		{2FFEA908-FD3A-4E87-9EA8-5A4B0083EB06}.Release|Any CPU.Build.0 = Release|Any CPU
	EndGlobalSection
	GlobalSection(SolutionProperties) = preSolution
		HideSolutionNode = FALSE
	EndGlobalSection
	GlobalSection(ExtensibilityGlobals) = postSolution
		SolutionGuid = {31628794-E3AB-40BB-9AA8-6E725844CC8E}
	EndGlobalSection
EndGlobal
